// !$*UTF8*$!
{
	archiveVersion = 1;
	classes = {
	};
	objectVersion = 56;
	objects = {

/* Begin PBXBuildFile section */
		9EC0F548297E7E8B00E07B9D /* LuckyBags_5TeamApp.swift in Sources */ = {isa = PBXBuildFile; fileRef = 9EC0F547297E7E8B00E07B9D /* LuckyBags_5TeamApp.swift */; };
		9EC0F54A297E7E8B00E07B9D /* ContentView.swift in Sources */ = {isa = PBXBuildFile; fileRef = 9EC0F549297E7E8B00E07B9D /* ContentView.swift */; };
		9EC0F54C297E7E8C00E07B9D /* Assets.xcassets in Resources */ = {isa = PBXBuildFile; fileRef = 9EC0F54B297E7E8C00E07B9D /* Assets.xcassets */; };
		9EC0F54F297E7E8C00E07B9D /* Preview Assets.xcassets in Resources */ = {isa = PBXBuildFile; fileRef = 9EC0F54E297E7E8C00E07B9D /* Preview Assets.xcassets */; };
		9EC0F559297E7E8C00E07B9D /* LuckyBags_5TeamTests.swift in Sources */ = {isa = PBXBuildFile; fileRef = 9EC0F558297E7E8C00E07B9D /* LuckyBags_5TeamTests.swift */; };
		9EC0F563297E7E8C00E07B9D /* LuckyBags_5TeamUITests.swift in Sources */ = {isa = PBXBuildFile; fileRef = 9EC0F562297E7E8C00E07B9D /* LuckyBags_5TeamUITests.swift */; };
		9EC0F565297E7E8C00E07B9D /* LuckyBags_5TeamUITestsLaunchTests.swift in Sources */ = {isa = PBXBuildFile; fileRef = 9EC0F564297E7E8C00E07B9D /* LuckyBags_5TeamUITestsLaunchTests.swift */; };
		9EC0F572297E7EAD00E07B9D /* SignupView.swift in Sources */ = {isa = PBXBuildFile; fileRef = 9EC0F571297E7EAD00E07B9D /* SignupView.swift */; };
		9EC0F574297E7EBF00E07B9D /* LoginView.swift in Sources */ = {isa = PBXBuildFile; fileRef = 9EC0F573297E7EBF00E07B9D /* LoginView.swift */; };
		9EC0F576297E7ED100E07B9D /* mymessage_View.swift in Sources */ = {isa = PBXBuildFile; fileRef = 9EC0F575297E7ED100E07B9D /* mymessage_View.swift */; };
		9EC0F578297E7EE600E07B9D /* message_View.swift in Sources */ = {isa = PBXBuildFile; fileRef = 9EC0F577297E7EE600E07B9D /* message_View.swift */; };
		9EC0F57A297E7EF700E07B9D /* select_luckybag_View.swift in Sources */ = {isa = PBXBuildFile; fileRef = 9EC0F579297E7EF700E07B9D /* select_luckybag_View.swift */; };
		9EC0F57C297E7F0700E07B9D /* MainView_luckybag.swift in Sources */ = {isa = PBXBuildFile; fileRef = 9EC0F57B297E7F0700E07B9D /* MainView_luckybag.swift */; };
		9EC0F5E5297FC60100E07B9D /* Alamofire in Frameworks */ = {isa = PBXBuildFile; productRef = 9EC0F5E4297FC60100E07B9D /* Alamofire */; };
		9EC0F5E9297FC65E00E07B9D /* TokenData.swift in Sources */ = {isa = PBXBuildFile; fileRef = 9EC0F5E8297FC65E00E07B9D /* TokenData.swift */; };
		9EC0F5EB297FC67300E07B9D /* AuthResponse.swift in Sources */ = {isa = PBXBuildFile; fileRef = 9EC0F5EA297FC67300E07B9D /* AuthResponse.swift */; };
		9EC0F5ED297FC68800E07B9D /* UserData.swift in Sources */ = {isa = PBXBuildFile; fileRef = 9EC0F5EC297FC68800E07B9D /* UserData.swift */; };
		9EC0F5F0297FC6B500E07B9D /* ApiClient.swift in Sources */ = {isa = PBXBuildFile; fileRef = 9EC0F5EF297FC6B500E07B9D /* ApiClient.swift */; };
		9EC0F5F2297FC6C500E07B9D /* ApiLogger.swift in Sources */ = {isa = PBXBuildFile; fileRef = 9EC0F5F1297FC6C500E07B9D /* ApiLogger.swift */; };
		9EC0F5F5297FC6E800E07B9D /* AuthRouter.swift in Sources */ = {isa = PBXBuildFile; fileRef = 9EC0F5F4297FC6E800E07B9D /* AuthRouter.swift */; };
		9EC0F5F8297FC70F00E07B9D /* AuthApiService.swift in Sources */ = {isa = PBXBuildFile; fileRef = 9EC0F5F7297FC70F00E07B9D /* AuthApiService.swift */; };
		9EC0F5FE297FC7AC00E07B9D /* BaseInterceptor.swift in Sources */ = {isa = PBXBuildFile; fileRef = 9EC0F5FD297FC7AC00E07B9D /* BaseInterceptor.swift */; };
		9EC0F600297FC7D700E07B9D /* UserVM.swift in Sources */ = {isa = PBXBuildFile; fileRef = 9EC0F5FF297FC7D700E07B9D /* UserVM.swift */; };
/* End PBXBuildFile section */

/* Begin PBXContainerItemProxy section */
		9EC0F555297E7E8C00E07B9D /* PBXContainerItemProxy */ = {
			isa = PBXContainerItemProxy;
			containerPortal = 9EC0F53C297E7E8B00E07B9D /* Project object */;
			proxyType = 1;
			remoteGlobalIDString = 9EC0F543297E7E8B00E07B9D;
			remoteInfo = LuckyBags_5Team;
		};
		9EC0F55F297E7E8C00E07B9D /* PBXContainerItemProxy */ = {
			isa = PBXContainerItemProxy;
			containerPortal = 9EC0F53C297E7E8B00E07B9D /* Project object */;
			proxyType = 1;
			remoteGlobalIDString = 9EC0F543297E7E8B00E07B9D;
			remoteInfo = LuckyBags_5Team;
		};
/* End PBXContainerItemProxy section */

/* Begin PBXFileReference section */
		9EC0F544297E7E8B00E07B9D /* LuckyBags_5Team.app */ = {isa = PBXFileReference; explicitFileType = wrapper.application; includeInIndex = 0; path = LuckyBags_5Team.app; sourceTree = BUILT_PRODUCTS_DIR; };
		9EC0F547297E7E8B00E07B9D /* LuckyBags_5TeamApp.swift */ = {isa = PBXFileReference; lastKnownFileType = sourcecode.swift; path = LuckyBags_5TeamApp.swift; sourceTree = "<group>"; };
		9EC0F549297E7E8B00E07B9D /* ContentView.swift */ = {isa = PBXFileReference; lastKnownFileType = sourcecode.swift; path = ContentView.swift; sourceTree = "<group>"; };
		9EC0F54B297E7E8C00E07B9D /* Assets.xcassets */ = {isa = PBXFileReference; lastKnownFileType = folder.assetcatalog; path = Assets.xcassets; sourceTree = "<group>"; };
		9EC0F54E297E7E8C00E07B9D /* Preview Assets.xcassets */ = {isa = PBXFileReference; lastKnownFileType = folder.assetcatalog; path = "Preview Assets.xcassets"; sourceTree = "<group>"; };
		9EC0F554297E7E8C00E07B9D /* LuckyBags_5TeamTests.xctest */ = {isa = PBXFileReference; explicitFileType = wrapper.cfbundle; includeInIndex = 0; path = LuckyBags_5TeamTests.xctest; sourceTree = BUILT_PRODUCTS_DIR; };
		9EC0F558297E7E8C00E07B9D /* LuckyBags_5TeamTests.swift */ = {isa = PBXFileReference; lastKnownFileType = sourcecode.swift; path = LuckyBags_5TeamTests.swift; sourceTree = "<group>"; };
		9EC0F55E297E7E8C00E07B9D /* LuckyBags_5TeamUITests.xctest */ = {isa = PBXFileReference; explicitFileType = wrapper.cfbundle; includeInIndex = 0; path = LuckyBags_5TeamUITests.xctest; sourceTree = BUILT_PRODUCTS_DIR; };
		9EC0F562297E7E8C00E07B9D /* LuckyBags_5TeamUITests.swift */ = {isa = PBXFileReference; lastKnownFileType = sourcecode.swift; path = LuckyBags_5TeamUITests.swift; sourceTree = "<group>"; };
		9EC0F564297E7E8C00E07B9D /* LuckyBags_5TeamUITestsLaunchTests.swift */ = {isa = PBXFileReference; lastKnownFileType = sourcecode.swift; path = LuckyBags_5TeamUITestsLaunchTests.swift; sourceTree = "<group>"; };
		9EC0F571297E7EAD00E07B9D /* SignupView.swift */ = {isa = PBXFileReference; lastKnownFileType = sourcecode.swift; path = SignupView.swift; sourceTree = "<group>"; };
		9EC0F573297E7EBF00E07B9D /* LoginView.swift */ = {isa = PBXFileReference; lastKnownFileType = sourcecode.swift; path = LoginView.swift; sourceTree = "<group>"; };
		9EC0F575297E7ED100E07B9D /* mymessage_View.swift */ = {isa = PBXFileReference; lastKnownFileType = sourcecode.swift; path = mymessage_View.swift; sourceTree = "<group>"; };
		9EC0F577297E7EE600E07B9D /* message_View.swift */ = {isa = PBXFileReference; lastKnownFileType = sourcecode.swift; path = message_View.swift; sourceTree = "<group>"; };
		9EC0F579297E7EF700E07B9D /* select_luckybag_View.swift */ = {isa = PBXFileReference; lastKnownFileType = sourcecode.swift; path = select_luckybag_View.swift; sourceTree = "<group>"; };
		9EC0F57B297E7F0700E07B9D /* MainView_luckybag.swift */ = {isa = PBXFileReference; lastKnownFileType = sourcecode.swift; path = MainView_luckybag.swift; sourceTree = "<group>"; };
		9EC0F5E8297FC65E00E07B9D /* TokenData.swift */ = {isa = PBXFileReference; lastKnownFileType = sourcecode.swift; path = TokenData.swift; sourceTree = "<group>"; };
		9EC0F5EA297FC67300E07B9D /* AuthResponse.swift */ = {isa = PBXFileReference; lastKnownFileType = sourcecode.swift; path = AuthResponse.swift; sourceTree = "<group>"; };
		9EC0F5EC297FC68800E07B9D /* UserData.swift */ = {isa = PBXFileReference; lastKnownFileType = sourcecode.swift; path = UserData.swift; sourceTree = "<group>"; };
		9EC0F5EF297FC6B500E07B9D /* ApiClient.swift */ = {isa = PBXFileReference; lastKnownFileType = sourcecode.swift; path = ApiClient.swift; sourceTree = "<group>"; };
		9EC0F5F1297FC6C500E07B9D /* ApiLogger.swift */ = {isa = PBXFileReference; lastKnownFileType = sourcecode.swift; path = ApiLogger.swift; sourceTree = "<group>"; };
		9EC0F5F4297FC6E800E07B9D /* AuthRouter.swift */ = {isa = PBXFileReference; lastKnownFileType = sourcecode.swift; path = AuthRouter.swift; sourceTree = "<group>"; };
		9EC0F5F7297FC70F00E07B9D /* AuthApiService.swift */ = {isa = PBXFileReference; lastKnownFileType = sourcecode.swift; path = AuthApiService.swift; sourceTree = "<group>"; };
		9EC0F5FD297FC7AC00E07B9D /* BaseInterceptor.swift */ = {isa = PBXFileReference; lastKnownFileType = sourcecode.swift; path = BaseInterceptor.swift; sourceTree = "<group>"; };
		9EC0F5FF297FC7D700E07B9D /* UserVM.swift */ = {isa = PBXFileReference; lastKnownFileType = sourcecode.swift; path = UserVM.swift; sourceTree = "<group>"; };
/* End PBXFileReference section */

/* Begin PBXFrameworksBuildPhase section */
		9EC0F541297E7E8B00E07B9D /* Frameworks */ = {
			isa = PBXFrameworksBuildPhase;
			buildActionMask = 2147483647;
			files = (
				9EC0F5E5297FC60100E07B9D /* Alamofire in Frameworks */,
			);
			runOnlyForDeploymentPostprocessing = 0;
		};
		9EC0F551297E7E8C00E07B9D /* Frameworks */ = {
			isa = PBXFrameworksBuildPhase;
			buildActionMask = 2147483647;
			files = (
			);
			runOnlyForDeploymentPostprocessing = 0;
		};
		9EC0F55B297E7E8C00E07B9D /* Frameworks */ = {
			isa = PBXFrameworksBuildPhase;
			buildActionMask = 2147483647;
			files = (
			);
			runOnlyForDeploymentPostprocessing = 0;
		};
/* End PBXFrameworksBuildPhase section */

/* Begin PBXGroup section */
		9EC0F53B297E7E8B00E07B9D = {
			isa = PBXGroup;
			children = (
				9EC0F5FF297FC7D700E07B9D /* UserVM.swift */,
				9EC0F5EE297FC6A600E07B9D /* API */,
				9EC0F5E7297FC64600E07B9D /* Model */,
				9EC0F546297E7E8B00E07B9D /* LuckyBags_5Team */,
				9EC0F5E6297FC61700E07B9D /* Screens */,
				9EC0F557297E7E8C00E07B9D /* LuckyBags_5TeamTests */,
				9EC0F561297E7E8C00E07B9D /* LuckyBags_5TeamUITests */,
				9EC0F545297E7E8B00E07B9D /* Products */,
			);
			sourceTree = "<group>";
		};
		9EC0F545297E7E8B00E07B9D /* Products */ = {
			isa = PBXGroup;
			children = (
				9EC0F544297E7E8B00E07B9D /* LuckyBags_5Team.app */,
				9EC0F554297E7E8C00E07B9D /* LuckyBags_5TeamTests.xctest */,
				9EC0F55E297E7E8C00E07B9D /* LuckyBags_5TeamUITests.xctest */,
			);
			name = Products;
			sourceTree = "<group>";
		};
		9EC0F546297E7E8B00E07B9D /* LuckyBags_5Team */ = {
			isa = PBXGroup;
			children = (
				9EC0F547297E7E8B00E07B9D /* LuckyBags_5TeamApp.swift */,
				9EC0F54B297E7E8C00E07B9D /* Assets.xcassets */,
				9EC0F54D297E7E8C00E07B9D /* Preview Content */,
			);
			path = LuckyBags_5Team;
			sourceTree = "<group>";
		};
		9EC0F54D297E7E8C00E07B9D /* Preview Content */ = {
			isa = PBXGroup;
			children = (
				9EC0F54E297E7E8C00E07B9D /* Preview Assets.xcassets */,
			);
			path = "Preview Content";
			sourceTree = "<group>";
		};
		9EC0F557297E7E8C00E07B9D /* LuckyBags_5TeamTests */ = {
			isa = PBXGroup;
			children = (
				9EC0F558297E7E8C00E07B9D /* LuckyBags_5TeamTests.swift */,
			);
			path = LuckyBags_5TeamTests;
			sourceTree = "<group>";
		};
		9EC0F561297E7E8C00E07B9D /* LuckyBags_5TeamUITests */ = {
			isa = PBXGroup;
			children = (
				9EC0F562297E7E8C00E07B9D /* LuckyBags_5TeamUITests.swift */,
				9EC0F564297E7E8C00E07B9D /* LuckyBags_5TeamUITestsLaunchTests.swift */,
			);
			path = LuckyBags_5TeamUITests;
			sourceTree = "<group>";
		};
		9EC0F5E6297FC61700E07B9D /* Screens */ = {
			isa = PBXGroup;
			children = (
				9EC0F549297E7E8B00E07B9D /* ContentView.swift */,
				9EC0F571297E7EAD00E07B9D /* SignupView.swift */,
				9EC0F575297E7ED100E07B9D /* mymessage_View.swift */,
				9EC0F573297E7EBF00E07B9D /* LoginView.swift */,
				9EC0F577297E7EE600E07B9D /* message_View.swift */,
				9EC0F579297E7EF700E07B9D /* select_luckybag_View.swift */,
				9EC0F57B297E7F0700E07B9D /* MainView_luckybag.swift */,
			);
			path = Screens;
			sourceTree = "<group>";
		};
		9EC0F5E7297FC64600E07B9D /* Model */ = {
			isa = PBXGroup;
			children = (
				9EC0F5E8297FC65E00E07B9D /* TokenData.swift */,
				9EC0F5EA297FC67300E07B9D /* AuthResponse.swift */,
				9EC0F5EC297FC68800E07B9D /* UserData.swift */,
			);
			path = Model;
			sourceTree = "<group>";
		};
		9EC0F5EE297FC6A600E07B9D /* API */ = {
			isa = PBXGroup;
			children = (
				9EC0F5FC297FC79100E07B9D /* Interceptor */,
				9EC0F5F6297FC6FE00E07B9D /* Service */,
				9EC0F5F3297FC6DB00E07B9D /* Router */,
				9EC0F5EF297FC6B500E07B9D /* ApiClient.swift */,
				9EC0F5F1297FC6C500E07B9D /* ApiLogger.swift */,
			);
			path = API;
			sourceTree = "<group>";
		};
		9EC0F5F3297FC6DB00E07B9D /* Router */ = {
			isa = PBXGroup;
			children = (
				9EC0F5F4297FC6E800E07B9D /* AuthRouter.swift */,
			);
			path = Router;
			sourceTree = "<group>";
		};
		9EC0F5F6297FC6FE00E07B9D /* Service */ = {
			isa = PBXGroup;
			children = (
				9EC0F5F7297FC70F00E07B9D /* AuthApiService.swift */,
			);
			path = Service;
			sourceTree = "<group>";
		};
		9EC0F5FC297FC79100E07B9D /* Interceptor */ = {
			isa = PBXGroup;
			children = (
				9EC0F5FD297FC7AC00E07B9D /* BaseInterceptor.swift */,
			);
			path = Interceptor;
			sourceTree = "<group>";
		};
/* End PBXGroup section */

/* Begin PBXNativeTarget section */
		9EC0F543297E7E8B00E07B9D /* LuckyBags_5Team */ = {
			isa = PBXNativeTarget;
			buildConfigurationList = 9EC0F568297E7E8C00E07B9D /* Build configuration list for PBXNativeTarget "LuckyBags_5Team" */;
			buildPhases = (
				9EC0F540297E7E8B00E07B9D /* Sources */,
				9EC0F541297E7E8B00E07B9D /* Frameworks */,
				9EC0F542297E7E8B00E07B9D /* Resources */,
			);
			buildRules = (
			);
			dependencies = (
			);
			name = LuckyBags_5Team;
			packageProductDependencies = (
				9EC0F5E4297FC60100E07B9D /* Alamofire */,
			);
			productName = LuckyBags_5Team;
			productReference = 9EC0F544297E7E8B00E07B9D /* LuckyBags_5Team.app */;
			productType = "com.apple.product-type.application";
		};
		9EC0F553297E7E8C00E07B9D /* LuckyBags_5TeamTests */ = {
			isa = PBXNativeTarget;
			buildConfigurationList = 9EC0F56B297E7E8C00E07B9D /* Build configuration list for PBXNativeTarget "LuckyBags_5TeamTests" */;
			buildPhases = (
				9EC0F550297E7E8C00E07B9D /* Sources */,
				9EC0F551297E7E8C00E07B9D /* Frameworks */,
				9EC0F552297E7E8C00E07B9D /* Resources */,
			);
			buildRules = (
			);
			dependencies = (
				9EC0F556297E7E8C00E07B9D /* PBXTargetDependency */,
			);
			name = LuckyBags_5TeamTests;
			productName = LuckyBags_5TeamTests;
			productReference = 9EC0F554297E7E8C00E07B9D /* LuckyBags_5TeamTests.xctest */;
			productType = "com.apple.product-type.bundle.unit-test";
		};
		9EC0F55D297E7E8C00E07B9D /* LuckyBags_5TeamUITests */ = {
			isa = PBXNativeTarget;
			buildConfigurationList = 9EC0F56E297E7E8C00E07B9D /* Build configuration list for PBXNativeTarget "LuckyBags_5TeamUITests" */;
			buildPhases = (
				9EC0F55A297E7E8C00E07B9D /* Sources */,
				9EC0F55B297E7E8C00E07B9D /* Frameworks */,
				9EC0F55C297E7E8C00E07B9D /* Resources */,
			);
			buildRules = (
			);
			dependencies = (
				9EC0F560297E7E8C00E07B9D /* PBXTargetDependency */,
			);
			name = LuckyBags_5TeamUITests;
			productName = LuckyBags_5TeamUITests;
			productReference = 9EC0F55E297E7E8C00E07B9D /* LuckyBags_5TeamUITests.xctest */;
			productType = "com.apple.product-type.bundle.ui-testing";
		};
/* End PBXNativeTarget section */

/* Begin PBXProject section */
		9EC0F53C297E7E8B00E07B9D /* Project object */ = {
			isa = PBXProject;
			attributes = {
				BuildIndependentTargetsInParallel = 1;
				LastSwiftUpdateCheck = 1420;
				LastUpgradeCheck = 1420;
				TargetAttributes = {
					9EC0F543297E7E8B00E07B9D = {
						CreatedOnToolsVersion = 14.2;
					};
					9EC0F553297E7E8C00E07B9D = {
						CreatedOnToolsVersion = 14.2;
						TestTargetID = 9EC0F543297E7E8B00E07B9D;
					};
					9EC0F55D297E7E8C00E07B9D = {
						CreatedOnToolsVersion = 14.2;
						TestTargetID = 9EC0F543297E7E8B00E07B9D;
					};
				};
			};
			buildConfigurationList = 9EC0F53F297E7E8B00E07B9D /* Build configuration list for PBXProject "LuckyBags_5Team" */;
			compatibilityVersion = "Xcode 14.0";
			developmentRegion = en;
			hasScannedForEncodings = 0;
			knownRegions = (
				en,
				Base,
			);
			mainGroup = 9EC0F53B297E7E8B00E07B9D;
			packageReferences = (
				9EC0F5E3297FC60100E07B9D /* XCRemoteSwiftPackageReference "Alamofire" */,
			);
			productRefGroup = 9EC0F545297E7E8B00E07B9D /* Products */;
			projectDirPath = "";
			projectRoot = "";
			targets = (
				9EC0F543297E7E8B00E07B9D /* LuckyBags_5Team */,
				9EC0F553297E7E8C00E07B9D /* LuckyBags_5TeamTests */,
				9EC0F55D297E7E8C00E07B9D /* LuckyBags_5TeamUITests */,
			);
		};
/* End PBXProject section */

/* Begin PBXResourcesBuildPhase section */
		9EC0F542297E7E8B00E07B9D /* Resources */ = {
			isa = PBXResourcesBuildPhase;
			buildActionMask = 2147483647;
			files = (
				9EC0F54F297E7E8C00E07B9D /* Preview Assets.xcassets in Resources */,
				9EC0F54C297E7E8C00E07B9D /* Assets.xcassets in Resources */,
			);
			runOnlyForDeploymentPostprocessing = 0;
		};
		9EC0F552297E7E8C00E07B9D /* Resources */ = {
			isa = PBXResourcesBuildPhase;
			buildActionMask = 2147483647;
			files = (
			);
			runOnlyForDeploymentPostprocessing = 0;
		};
		9EC0F55C297E7E8C00E07B9D /* Resources */ = {
			isa = PBXResourcesBuildPhase;
			buildActionMask = 2147483647;
			files = (
			);
			runOnlyForDeploymentPostprocessing = 0;
		};
/* End PBXResourcesBuildPhase section */

/* Begin PBXSourcesBuildPhase section */
		9EC0F540297E7E8B00E07B9D /* Sources */ = {
			isa = PBXSourcesBuildPhase;
			buildActionMask = 2147483647;
			files = (
				9EC0F5F5297FC6E800E07B9D /* AuthRouter.swift in Sources */,
				9EC0F572297E7EAD00E07B9D /* SignupView.swift in Sources */,
				9EC0F576297E7ED100E07B9D /* mymessage_View.swift in Sources */,
				9EC0F578297E7EE600E07B9D /* message_View.swift in Sources */,
				9EC0F5F2297FC6C500E07B9D /* ApiLogger.swift in Sources */,
				9EC0F57C297E7F0700E07B9D /* MainView_luckybag.swift in Sources */,
				9EC0F54A297E7E8B00E07B9D /* ContentView.swift in Sources */,
				9EC0F5ED297FC68800E07B9D /* UserData.swift in Sources */,
				9EC0F574297E7EBF00E07B9D /* LoginView.swift in Sources */,
				9EC0F548297E7E8B00E07B9D /* LuckyBags_5TeamApp.swift in Sources */,
				9EC0F5FE297FC7AC00E07B9D /* BaseInterceptor.swift in Sources */,
				9EC0F5E9297FC65E00E07B9D /* TokenData.swift in Sources */,
				9EC0F5EB297FC67300E07B9D /* AuthResponse.swift in Sources */,
				9EC0F57A297E7EF700E07B9D /* select_luckybag_View.swift in Sources */,
				9EC0F5F0297FC6B500E07B9D /* ApiClient.swift in Sources */,
				9EC0F600297FC7D700E07B9D /* UserVM.swift in Sources */,
				9EC0F5F8297FC70F00E07B9D /* AuthApiService.swift in Sources */,
			);
			runOnlyForDeploymentPostprocessing = 0;
		};
		9EC0F550297E7E8C00E07B9D /* Sources */ = {
			isa = PBXSourcesBuildPhase;
			buildActionMask = 2147483647;
			files = (
				9EC0F559297E7E8C00E07B9D /* LuckyBags_5TeamTests.swift in Sources */,
			);
			runOnlyForDeploymentPostprocessing = 0;
		};
		9EC0F55A297E7E8C00E07B9D /* Sources */ = {
			isa = PBXSourcesBuildPhase;
			buildActionMask = 2147483647;
			files = (
				9EC0F563297E7E8C00E07B9D /* LuckyBags_5TeamUITests.swift in Sources */,
				9EC0F565297E7E8C00E07B9D /* LuckyBags_5TeamUITestsLaunchTests.swift in Sources */,
			);
			runOnlyForDeploymentPostprocessing = 0;
		};
/* End PBXSourcesBuildPhase section */

/* Begin PBXTargetDependency section */
		9EC0F556297E7E8C00E07B9D /* PBXTargetDependency */ = {
			isa = PBXTargetDependency;
			target = 9EC0F543297E7E8B00E07B9D /* LuckyBags_5Team */;
			targetProxy = 9EC0F555297E7E8C00E07B9D /* PBXContainerItemProxy */;
		};
		9EC0F560297E7E8C00E07B9D /* PBXTargetDependency */ = {
			isa = PBXTargetDependency;
			target = 9EC0F543297E7E8B00E07B9D /* LuckyBags_5Team */;
			targetProxy = 9EC0F55F297E7E8C00E07B9D /* PBXContainerItemProxy */;
		};
/* End PBXTargetDependency section */

/* Begin XCBuildConfiguration section */
		9EC0F566297E7E8C00E07B9D /* Debug */ = {
			isa = XCBuildConfiguration;
			buildSettings = {
				ALWAYS_SEARCH_USER_PATHS = NO;
				CLANG_ANALYZER_NONNULL = YES;
				CLANG_ANALYZER_NUMBER_OBJECT_CONVERSION = YES_AGGRESSIVE;
				CLANG_CXX_LANGUAGE_STANDARD = "gnu++20";
				CLANG_ENABLE_MODULES = YES;
				CLANG_ENABLE_OBJC_ARC = YES;
				CLANG_ENABLE_OBJC_WEAK = YES;
				CLANG_WARN_BLOCK_CAPTURE_AUTORELEASING = YES;
				CLANG_WARN_BOOL_CONVERSION = YES;
				CLANG_WARN_COMMA = YES;
				CLANG_WARN_CONSTANT_CONVERSION = YES;
				CLANG_WARN_DEPRECATED_OBJC_IMPLEMENTATIONS = YES;
				CLANG_WARN_DIRECT_OBJC_ISA_USAGE = YES_ERROR;
				CLANG_WARN_DOCUMENTATION_COMMENTS = YES;
				CLANG_WARN_EMPTY_BODY = YES;
				CLANG_WARN_ENUM_CONVERSION = YES;
				CLANG_WARN_INFINITE_RECURSION = YES;
				CLANG_WARN_INT_CONVERSION = YES;
				CLANG_WARN_NON_LITERAL_NULL_CONVERSION = YES;
				CLANG_WARN_OBJC_IMPLICIT_RETAIN_SELF = YES;
				CLANG_WARN_OBJC_LITERAL_CONVERSION = YES;
				CLANG_WARN_OBJC_ROOT_CLASS = YES_ERROR;
				CLANG_WARN_QUOTED_INCLUDE_IN_FRAMEWORK_HEADER = YES;
				CLANG_WARN_RANGE_LOOP_ANALYSIS = YES;
				CLANG_WARN_STRICT_PROTOTYPES = YES;
				CLANG_WARN_SUSPICIOUS_MOVE = YES;
				CLANG_WARN_UNGUARDED_AVAILABILITY = YES_AGGRESSIVE;
				CLANG_WARN_UNREACHABLE_CODE = YES;
				CLANG_WARN__DUPLICATE_METHOD_MATCH = YES;
				COPY_PHASE_STRIP = NO;
				DEBUG_INFORMATION_FORMAT = dwarf;
				ENABLE_STRICT_OBJC_MSGSEND = YES;
				ENABLE_TESTABILITY = YES;
				GCC_C_LANGUAGE_STANDARD = gnu11;
				GCC_DYNAMIC_NO_PIC = NO;
				GCC_NO_COMMON_BLOCKS = YES;
				GCC_OPTIMIZATION_LEVEL = 0;
				GCC_PREPROCESSOR_DEFINITIONS = (
					"DEBUG=1",
					"$(inherited)",
				);
				GCC_WARN_64_TO_32_BIT_CONVERSION = YES;
				GCC_WARN_ABOUT_RETURN_TYPE = YES_ERROR;
				GCC_WARN_UNDECLARED_SELECTOR = YES;
				GCC_WARN_UNINITIALIZED_AUTOS = YES_AGGRESSIVE;
				GCC_WARN_UNUSED_FUNCTION = YES;
				GCC_WARN_UNUSED_VARIABLE = YES;
				IPHONEOS_DEPLOYMENT_TARGET = 16.2;
				MTL_ENABLE_DEBUG_INFO = INCLUDE_SOURCE;
				MTL_FAST_MATH = YES;
				ONLY_ACTIVE_ARCH = YES;
				SDKROOT = iphoneos;
				SWIFT_ACTIVE_COMPILATION_CONDITIONS = DEBUG;
				SWIFT_OPTIMIZATION_LEVEL = "-Onone";
			};
			name = Debug;
		};
		9EC0F567297E7E8C00E07B9D /* Release */ = {
			isa = XCBuildConfiguration;
			buildSettings = {
				ALWAYS_SEARCH_USER_PATHS = NO;
				CLANG_ANALYZER_NONNULL = YES;
				CLANG_ANALYZER_NUMBER_OBJECT_CONVERSION = YES_AGGRESSIVE;
				CLANG_CXX_LANGUAGE_STANDARD = "gnu++20";
				CLANG_ENABLE_MODULES = YES;
				CLANG_ENABLE_OBJC_ARC = YES;
				CLANG_ENABLE_OBJC_WEAK = YES;
				CLANG_WARN_BLOCK_CAPTURE_AUTORELEASING = YES;
				CLANG_WARN_BOOL_CONVERSION = YES;
				CLANG_WARN_COMMA = YES;
				CLANG_WARN_CONSTANT_CONVERSION = YES;
				CLANG_WARN_DEPRECATED_OBJC_IMPLEMENTATIONS = YES;
				CLANG_WARN_DIRECT_OBJC_ISA_USAGE = YES_ERROR;
				CLANG_WARN_DOCUMENTATION_COMMENTS = YES;
				CLANG_WARN_EMPTY_BODY = YES;
				CLANG_WARN_ENUM_CONVERSION = YES;
				CLANG_WARN_INFINITE_RECURSION = YES;
				CLANG_WARN_INT_CONVERSION = YES;
				CLANG_WARN_NON_LITERAL_NULL_CONVERSION = YES;
				CLANG_WARN_OBJC_IMPLICIT_RETAIN_SELF = YES;
				CLANG_WARN_OBJC_LITERAL_CONVERSION = YES;
				CLANG_WARN_OBJC_ROOT_CLASS = YES_ERROR;
				CLANG_WARN_QUOTED_INCLUDE_IN_FRAMEWORK_HEADER = YES;
				CLANG_WARN_RANGE_LOOP_ANALYSIS = YES;
				CLANG_WARN_STRICT_PROTOTYPES = YES;
				CLANG_WARN_SUSPICIOUS_MOVE = YES;
				CLANG_WARN_UNGUARDED_AVAILABILITY = YES_AGGRESSIVE;
				CLANG_WARN_UNREACHABLE_CODE = YES;
				CLANG_WARN__DUPLICATE_METHOD_MATCH = YES;
				COPY_PHASE_STRIP = NO;
				DEBUG_INFORMATION_FORMAT = "dwarf-with-dsym";
				ENABLE_NS_ASSERTIONS = NO;
				ENABLE_STRICT_OBJC_MSGSEND = YES;
				GCC_C_LANGUAGE_STANDARD = gnu11;
				GCC_NO_COMMON_BLOCKS = YES;
				GCC_WARN_64_TO_32_BIT_CONVERSION = YES;
				GCC_WARN_ABOUT_RETURN_TYPE = YES_ERROR;
				GCC_WARN_UNDECLARED_SELECTOR = YES;
				GCC_WARN_UNINITIALIZED_AUTOS = YES_AGGRESSIVE;
				GCC_WARN_UNUSED_FUNCTION = YES;
				GCC_WARN_UNUSED_VARIABLE = YES;
				IPHONEOS_DEPLOYMENT_TARGET = 16.2;
				MTL_ENABLE_DEBUG_INFO = NO;
				MTL_FAST_MATH = YES;
				SDKROOT = iphoneos;
				SWIFT_COMPILATION_MODE = wholemodule;
				SWIFT_OPTIMIZATION_LEVEL = "-O";
				VALIDATE_PRODUCT = YES;
			};
			name = Release;
		};
		9EC0F569297E7E8C00E07B9D /* Debug */ = {
			isa = XCBuildConfiguration;
			buildSettings = {
				ASSETCATALOG_COMPILER_APPICON_NAME = AppIcon;
				ASSETCATALOG_COMPILER_GLOBAL_ACCENT_COLOR_NAME = AccentColor;
				CODE_SIGN_STYLE = Automatic;
				CURRENT_PROJECT_VERSION = 1;
				DEVELOPMENT_ASSET_PATHS = "\"LuckyBags_5Team/Preview Content\"";
				ENABLE_PREVIEWS = YES;
				GENERATE_INFOPLIST_FILE = YES;
				INFOPLIST_KEY_UIApplicationSceneManifest_Generation = YES;
				INFOPLIST_KEY_UIApplicationSupportsIndirectInputEvents = YES;
				INFOPLIST_KEY_UILaunchScreen_Generation = YES;
				INFOPLIST_KEY_UISupportedInterfaceOrientations_iPad = "UIInterfaceOrientationPortrait UIInterfaceOrientationPortraitUpsideDown UIInterfaceOrientationLandscapeLeft UIInterfaceOrientationLandscapeRight";
				INFOPLIST_KEY_UISupportedInterfaceOrientations_iPhone = "UIInterfaceOrientationPortrait UIInterfaceOrientationLandscapeLeft UIInterfaceOrientationLandscapeRight";
				LD_RUNPATH_SEARCH_PATHS = (
					"$(inherited)",
					"@executable_path/Frameworks",
				);
				MARKETING_VERSION = 1.0;
				PRODUCT_BUNDLE_IDENTIFIER = "com.test.LuckyBags-5Team";
				PRODUCT_NAME = "$(TARGET_NAME)";
				SWIFT_EMIT_LOC_STRINGS = YES;
				SWIFT_VERSION = 5.0;
				TARGETED_DEVICE_FAMILY = "1,2";
			};
			name = Debug;
		};
		9EC0F56A297E7E8C00E07B9D /* Release */ = {
			isa = XCBuildConfiguration;
			buildSettings = {
				ASSETCATALOG_COMPILER_APPICON_NAME = AppIcon;
				ASSETCATALOG_COMPILER_GLOBAL_ACCENT_COLOR_NAME = AccentColor;
				CODE_SIGN_STYLE = Automatic;
				CURRENT_PROJECT_VERSION = 1;
				DEVELOPMENT_ASSET_PATHS = "\"LuckyBags_5Team/Preview Content\"";
				ENABLE_PREVIEWS = YES;
				GENERATE_INFOPLIST_FILE = YES;
				INFOPLIST_KEY_UIApplicationSceneManifest_Generation = YES;
				INFOPLIST_KEY_UIApplicationSupportsIndirectInputEvents = YES;
				INFOPLIST_KEY_UILaunchScreen_Generation = YES;
				INFOPLIST_KEY_UISupportedInterfaceOrientations_iPad = "UIInterfaceOrientationPortrait UIInterfaceOrientationPortraitUpsideDown UIInterfaceOrientationLandscapeLeft UIInterfaceOrientationLandscapeRight";
				INFOPLIST_KEY_UISupportedInterfaceOrientations_iPhone = "UIInterfaceOrientationPortrait UIInterfaceOrientationLandscapeLeft UIInterfaceOrientationLandscapeRight";
				LD_RUNPATH_SEARCH_PATHS = (
					"$(inherited)",
					"@executable_path/Frameworks",
				);
				MARKETING_VERSION = 1.0;
				PRODUCT_BUNDLE_IDENTIFIER = "com.test.LuckyBags-5Team";
				PRODUCT_NAME = "$(TARGET_NAME)";
				SWIFT_EMIT_LOC_STRINGS = YES;
				SWIFT_VERSION = 5.0;
				TARGETED_DEVICE_FAMILY = "1,2";
			};
			name = Release;
		};
		9EC0F56C297E7E8C00E07B9D /* Debug */ = {
			isa = XCBuildConfiguration;
			buildSettings = {
				ALWAYS_EMBED_SWIFT_STANDARD_LIBRARIES = YES;
				BUNDLE_LOADER = "$(TEST_HOST)";
				CODE_SIGN_STYLE = Automatic;
				CURRENT_PROJECT_VERSION = 1;
				GENERATE_INFOPLIST_FILE = YES;
				IPHONEOS_DEPLOYMENT_TARGET = 16.2;
				MARKETING_VERSION = 1.0;
				PRODUCT_BUNDLE_IDENTIFIER = "com.test.LuckyBags-5TeamTests";
				PRODUCT_NAME = "$(TARGET_NAME)";
				SWIFT_EMIT_LOC_STRINGS = NO;
				SWIFT_VERSION = 5.0;
				TARGETED_DEVICE_FAMILY = "1,2";
				TEST_HOST = "$(BUILT_PRODUCTS_DIR)/LuckyBags_5Team.app/$(BUNDLE_EXECUTABLE_FOLDER_PATH)/LuckyBags_5Team";
			};
			name = Debug;
		};
		9EC0F56D297E7E8C00E07B9D /* Release */ = {
			isa = XCBuildConfiguration;
			buildSettings = {
				ALWAYS_EMBED_SWIFT_STANDARD_LIBRARIES = YES;
				BUNDLE_LOADER = "$(TEST_HOST)";
				CODE_SIGN_STYLE = Automatic;
				CURRENT_PROJECT_VERSION = 1;
				GENERATE_INFOPLIST_FILE = YES;
				IPHONEOS_DEPLOYMENT_TARGET = 16.2;
				MARKETING_VERSION = 1.0;
				PRODUCT_BUNDLE_IDENTIFIER = "com.test.LuckyBags-5TeamTests";
				PRODUCT_NAME = "$(TARGET_NAME)";
				SWIFT_EMIT_LOC_STRINGS = NO;
				SWIFT_VERSION = 5.0;
				TARGETED_DEVICE_FAMILY = "1,2";
				TEST_HOST = "$(BUILT_PRODUCTS_DIR)/LuckyBags_5Team.app/$(BUNDLE_EXECUTABLE_FOLDER_PATH)/LuckyBags_5Team";
			};
			name = Release;
		};
		9EC0F56F297E7E8C00E07B9D /* Debug */ = {
			isa = XCBuildConfiguration;
			buildSettings = {
				ALWAYS_EMBED_SWIFT_STANDARD_LIBRARIES = YES;
				CODE_SIGN_STYLE = Automatic;
				CURRENT_PROJECT_VERSION = 1;
				GENERATE_INFOPLIST_FILE = YES;
				MARKETING_VERSION = 1.0;
				PRODUCT_BUNDLE_IDENTIFIER = "com.test.LuckyBags-5TeamUITests";
				PRODUCT_NAME = "$(TARGET_NAME)";
				SWIFT_EMIT_LOC_STRINGS = NO;
				SWIFT_VERSION = 5.0;
				TARGETED_DEVICE_FAMILY = "1,2";
				TEST_TARGET_NAME = LuckyBags_5Team;
			};
			name = Debug;
		};
		9EC0F570297E7E8C00E07B9D /* Release */ = {
			isa = XCBuildConfiguration;
			buildSettings = {
				ALWAYS_EMBED_SWIFT_STANDARD_LIBRARIES = YES;
				CODE_SIGN_STYLE = Automatic;
				CURRENT_PROJECT_VERSION = 1;
				GENERATE_INFOPLIST_FILE = YES;
				MARKETING_VERSION = 1.0;
				PRODUCT_BUNDLE_IDENTIFIER = "com.test.LuckyBags-5TeamUITests";
				PRODUCT_NAME = "$(TARGET_NAME)";
				SWIFT_EMIT_LOC_STRINGS = NO;
				SWIFT_VERSION = 5.0;
				TARGETED_DEVICE_FAMILY = "1,2";
				TEST_TARGET_NAME = LuckyBags_5Team;
			};
			name = Release;
		};
/* End XCBuildConfiguration section */

/* Begin XCConfigurationList section */
		9EC0F53F297E7E8B00E07B9D /* Build configuration list for PBXProject "LuckyBags_5Team" */ = {
			isa = XCConfigurationList;
			buildConfigurations = (
				9EC0F566297E7E8C00E07B9D /* Debug */,
				9EC0F567297E7E8C00E07B9D /* Release */,
			);
			defaultConfigurationIsVisible = 0;
			defaultConfigurationName = Release;
		};
		9EC0F568297E7E8C00E07B9D /* Build configuration list for PBXNativeTarget "LuckyBags_5Team" */ = {
			isa = XCConfigurationList;
			buildConfigurations = (
				9EC0F569297E7E8C00E07B9D /* Debug */,
				9EC0F56A297E7E8C00E07B9D /* Release */,
			);
			defaultConfigurationIsVisible = 0;
			defaultConfigurationName = Release;
		};
		9EC0F56B297E7E8C00E07B9D /* Build configuration list for PBXNativeTarget "LuckyBags_5TeamTests" */ = {
			isa = XCConfigurationList;
			buildConfigurations = (
				9EC0F56C297E7E8C00E07B9D /* Debug */,
				9EC0F56D297E7E8C00E07B9D /* Release */,
			);
			defaultConfigurationIsVisible = 0;
			defaultConfigurationName = Release;
		};
		9EC0F56E297E7E8C00E07B9D /* Build configuration list for PBXNativeTarget "LuckyBags_5TeamUITests" */ = {
			isa = XCConfigurationList;
			buildConfigurations = (
				9EC0F56F297E7E8C00E07B9D /* Debug */,
				9EC0F570297E7E8C00E07B9D /* Release */,
			);
			defaultConfigurationIsVisible = 0;
			defaultConfigurationName = Release;
		};
/* End XCConfigurationList section */

/* Begin XCRemoteSwiftPackageReference section */
		9EC0F5E3297FC60100E07B9D /* XCRemoteSwiftPackageReference "Alamofire" */ = {
			isa = XCRemoteSwiftPackageReference;
			repositoryURL = "https://github.com/Alamofire/Alamofire.git";
			requirement = {
				kind = upToNextMajorVersion;
				minimumVersion = 5.0.0;
			};
		};
/* End XCRemoteSwiftPackageReference section */

/* Begin XCSwiftPackageProductDependency section */
		9EC0F5E4297FC60100E07B9D /* Alamofire */ = {
			isa = XCSwiftPackageProductDependency;
			package = 9EC0F5E3297FC60100E07B9D /* XCRemoteSwiftPackageReference "Alamofire" */;
			productName = Alamofire;
		};
/* End XCSwiftPackageProductDependency section */
	};
	rootObject = 9EC0F53C297E7E8B00E07B9D /* Project object */;
}
